
Microsoft Visual Studio Solution File, Format Version 12.00
# Visual Studio Version 17
VisualStudioVersion = 17.5.33627.172
MinimumVisualStudioVersion = 10.0.40219.1
Project("{FAE04EC0-301F-11D3-BF4B-00C04F79EFBC}") = "TVShowTracker", "TVShowTracker.csproj", "{A84D6C94-0438-422D-A47C-BD6550F60C72}"
EndProject
Global
	GlobalSection(SolutionConfigurationPlatforms) = preSolution
		Debug|Any CPU = Debug|Any CPU
		Release|Any CPU = Release|Any CPU
	EndGlobalSection
	GlobalSection(ProjectConfigurationPlatforms) = postSolution
		{A84D6C94-0438-422D-A47C-BD6550F60C72}.Debug|Any CPU.ActiveCfg = Debug|Any CPU
		{A84D6C94-0438-422D-A47C-BD6550F60C72}.Debug|Any CPU.Build.0 = Debug|Any CPU
		{A84D6C94-0438-422D-A47C-BD6550F60C72}.Release|Any CPU.ActiveCfg = Release|Any CPU
		{A84D6C94-0438-422D-A47C-BD6550F60C72}.Release|Any CPU.Build.0 = Release|Any CPU
	EndGlobalSection
	GlobalSection(SolutionProperties) = preSolution
		HideSolutionNode = FALSE
	EndGlobalSection
	GlobalSection(ExtensibilityGlobals) = postSolution
		SolutionGuid = {4BE6B50A-F040-49E5-A23A-55E037B6FA93}
	EndGlobalSection
EndGlobal
